
Microsoft Visual Studio Solution File, Format Version 12.00
# Visual Studio Version 16
VisualStudioVersion = 16.0.31112.23
MinimumVisualStudioVersion = 10.0.40219.1
Project("{FAE04EC0-301F-11D3-BF4B-00C04F79EFBC}") = "Stacker", "Stacker\Stacker.csproj", "{5EF417F6-A95D-4E96-AC15-29153FFA56BB}"
EndProject
Global
	GlobalSection(SolutionConfigurationPlatforms) = preSolution
		Debug|Any CPU = Debug|Any CPU
		Release|Any CPU = Release|Any CPU
	EndGlobalSection
	GlobalSection(ProjectConfigurationPlatforms) = postSolution
		{5EF417F6-A95D-4E96-AC15-29153FFA56BB}.Debug|Any CPU.ActiveCfg = Debug|Any CPU
		{5EF417F6-A95D-4E96-AC15-29153FFA56BB}.Debug|Any CPU.Build.0 = Debug|Any CPU
		{5EF417F6-A95D-4E96-AC15-29153FFA56BB}.Release|Any CPU.ActiveCfg = Release|Any CPU
		{5EF417F6-A95D-4E96-AC15-29153FFA56BB}.Release|Any CPU.Build.0 = Release|Any CPU
	EndGlobalSection
	GlobalSection(SolutionProperties) = preSolution
		HideSolutionNode = FALSE
	EndGlobalSection
	GlobalSection(ExtensibilityGlobals) = postSolution
		SolutionGuid = {41E92EB9-C499-47F7-9D29-AE767A00BEDA}
	EndGlobalSection
EndGlobal
